{
  "requires": true,
  "lockfileVersion": 1,
  "dependencies": {
    "@tensorflow-models/body-pix": {
      "version": "2.1.0",
      "resolved": "https://registry.npmjs.org/@tensorflow-models/body-pix/-/body-pix-2.1.0.tgz",
      "integrity": "sha512-HSO7Cic8WvinJRiknPvjtL1Dm7bYpRfP8Ln1iPxR+ATxihylaZf5XatNDp1Cmv5qii1LyxWfzvKzcvin7WKQ5Q=="
    }
  }
}
